// !$*UTF8*$!
{
	archiveVersion = 1;
	classes = {
	};
	objectVersion = 77;
	objects = {

/* Begin PBXBuildFile section */
		176285BC2D3052E200DC5611 /* walterwhiteTests.swift in Sources */ = {isa = PBXBuildFile; fileRef = 176285BA2D3052E200DC5611 /* walterwhiteTests.swift */; };
/* End PBXBuildFile section */

/* Begin PBXContainerItemProxy section */
		176285852D30500200DC5611 /* PBXContainerItemProxy */ = {
			isa = PBXContainerItemProxy;
			containerPortal = 1762856C2D30500100DC5611 /* Project object */;
			proxyType = 1;
			remoteGlobalIDString = 176285732D30500100DC5611;
			remoteInfo = walterwhite;
		};
		1762858F2D30500200DC5611 /* PBXContainerItemProxy */ = {
			isa = PBXContainerItemProxy;
			containerPortal = 1762856C2D30500100DC5611 /* Project object */;
			proxyType = 1;
			remoteGlobalIDString = 176285732D30500100DC5611;
			remoteInfo = walterwhite;
		};
/* End PBXContainerItemProxy section */

/* Begin PBXFileReference section */
		176285742D30500100DC5611 /* walterwhite.app */ = {isa = PBXFileReference; explicitFileType = wrapper.application; includeInIndex = 0; path = walterwhite.app; sourceTree = BUILT_PRODUCTS_DIR; };
		176285842D30500200DC5611 /* walterwhiteTests.xctest */ = {isa = PBXFileReference; explicitFileType = wrapper.cfbundle; includeInIndex = 0; path = walterwhiteTests.xctest; sourceTree = BUILT_PRODUCTS_DIR; };
		1762858E2D30500200DC5611 /* walterwhiteUITests.xctest */ = {isa = PBXFileReference; explicitFileType = wrapper.cfbundle; includeInIndex = 0; path = walterwhiteUITests.xctest; sourceTree = BUILT_PRODUCTS_DIR; };
		176285BA2D3052E200DC5611 /* walterwhiteTests.swift */ = {isa = PBXFileReference; lastKnownFileType = sourcecode.swift; path = walterwhiteTests.swift; sourceTree = "<group>"; };
/* End PBXFileReference section */

/* Begin PBXFileSystemSynchronizedRootGroup section */
		176285912D30500200DC5611 /* walterwhiteUITests */ = {
			isa = PBXFileSystemSynchronizedRootGroup;
			path = walterwhiteUITests;
			sourceTree = "<group>";
		};
		176285C22D3052E600DC5611 /* walterwhite */ = {
			isa = PBXFileSystemSynchronizedRootGroup;
			path = walterwhite;
			sourceTree = "<group>";
		};
/* End PBXFileSystemSynchronizedRootGroup section */

/* Begin PBXFrameworksBuildPhase section */
		176285712D30500100DC5611 /* Frameworks */ = {
			isa = PBXFrameworksBuildPhase;
			buildActionMask = 2147483647;
			files = (
			);
			runOnlyForDeploymentPostprocessing = 0;
		};
		176285812D30500200DC5611 /* Frameworks */ = {
			isa = PBXFrameworksBuildPhase;
			buildActionMask = 2147483647;
			files = (
			);
			runOnlyForDeploymentPostprocessing = 0;
		};
		1762858B2D30500200DC5611 /* Frameworks */ = {
			isa = PBXFrameworksBuildPhase;
			buildActionMask = 2147483647;
			files = (
			);
			runOnlyForDeploymentPostprocessing = 0;
		};
/* End PBXFrameworksBuildPhase section */

/* Begin PBXGroup section */
		1762856B2D30500100DC5611 = {
			isa = PBXGroup;
			children = (
				176285C22D3052E600DC5611 /* walterwhite */,
				176285BB2D3052E200DC5611 /* walterwhiteTests */,
				176285912D30500200DC5611 /* walterwhiteUITests */,
				176285752D30500100DC5611 /* Products */,
			);
			sourceTree = "<group>";
		};
		176285752D30500100DC5611 /* Products */ = {
			isa = PBXGroup;
			children = (
				176285742D30500100DC5611 /* walterwhite.app */,
				176285842D30500200DC5611 /* walterwhiteTests.xctest */,
				1762858E2D30500200DC5611 /* walterwhiteUITests.xctest */,
			);
			name = Products;
			sourceTree = "<group>";
		};
		176285BB2D3052E200DC5611 /* walterwhiteTests */ = {
			isa = PBXGroup;
			children = (
				176285BA2D3052E200DC5611 /* walterwhiteTests.swift */,
			);
			path = walterwhiteTests;
			sourceTree = "<group>";
		};
/* End PBXGroup section */

/* Begin PBXNativeTarget section */
		176285732D30500100DC5611 /* walterwhite */ = {
			isa = PBXNativeTarget;
			buildConfigurationList = 176285982D30500200DC5611 /* Build configuration list for PBXNativeTarget "walterwhite" */;
			buildPhases = (
				176285702D30500100DC5611 /* Sources */,
				176285712D30500100DC5611 /* Frameworks */,
				176285722D30500100DC5611 /* Resources */,
			);
			buildRules = (
			);
			dependencies = (
			);
			fileSystemSynchronizedGroups = (
				176285C22D3052E600DC5611 /* walterwhite */,
			);
			name = walterwhite;
			packageProductDependencies = (
			);
			productName = walterwhite;
			productReference = 176285742D30500100DC5611 /* walterwhite.app */;
			productType = "com.apple.product-type.application";
		};
		176285832D30500200DC5611 /* walterwhiteTests */ = {
			isa = PBXNativeTarget;
			buildConfigurationList = 1762859B2D30500200DC5611 /* Build configuration list for PBXNativeTarget "walterwhiteTests" */;
			buildPhases = (
				176285802D30500200DC5611 /* Sources */,
				176285812D30500200DC5611 /* Frameworks */,
				176285822D30500200DC5611 /* Resources */,
			);
			buildRules = (
			);
			dependencies = (
				176285862D30500200DC5611 /* PBXTargetDependency */,
			);
			name = walterwhiteTests;
			packageProductDependencies = (
			);
			productName = walterwhiteTests;
			productReference = 176285842D30500200DC5611 /* walterwhiteTests.xctest */;
			productType = "com.apple.product-type.bundle.unit-test";
		};
		1762858D2D30500200DC5611 /* walterwhiteUITests */ = {
			isa = PBXNativeTarget;
			buildConfigurationList = 1762859E2D30500200DC5611 /* Build configuration list for PBXNativeTarget "walterwhiteUITests" */;
			buildPhases = (
				1762858A2D30500200DC5611 /* Sources */,
				1762858B2D30500200DC5611 /* Frameworks */,
				1762858C2D30500200DC5611 /* Resources */,
			);
			buildRules = (
			);
			dependencies = (
				176285902D30500200DC5611 /* PBXTargetDependency */,
			);
			fileSystemSynchronizedGroups = (
				176285912D30500200DC5611 /* walterwhiteUITests */,
			);
			name = walterwhiteUITests;
			packageProductDependencies = (
			);
			productName = walterwhiteUITests;
			productReference = 1762858E2D30500200DC5611 /* walterwhiteUITests.xctest */;
			productType = "com.apple.product-type.bundle.ui-testing";
		};
/* End PBXNativeTarget section */

/* Begin PBXProject section */
		1762856C2D30500100DC5611 /* Project object */ = {
			isa = PBXProject;
			attributes = {
				BuildIndependentTargetsInParallel = 1;
				LastSwiftUpdateCheck = 1620;
				LastUpgradeCheck = 1620;
				TargetAttributes = {
					176285732D30500100DC5611 = {
						CreatedOnToolsVersion = 16.2;
					};
					176285832D30500200DC5611 = {
						CreatedOnToolsVersion = 16.2;
						TestTargetID = 176285732D30500100DC5611;
					};
					1762858D2D30500200DC5611 = {
						CreatedOnToolsVersion = 16.2;
						TestTargetID = 176285732D30500100DC5611;
					};
				};
			};
			buildConfigurationList = 1762856F2D30500100DC5611 /* Build configuration list for PBXProject "walterwhite" */;
			developmentRegion = en;
			hasScannedForEncodings = 0;
			knownRegions = (
				en,
				Base,
			);
			mainGroup = 1762856B2D30500100DC5611;
			minimizedProjectReferenceProxies = 1;
			preferredProjectObjectVersion = 77;
			productRefGroup = 176285752D30500100DC5611 /* Products */;
			projectDirPath = "";
			projectRoot = "";
			targets = (
				176285732D30500100DC5611 /* walterwhite */,
				176285832D30500200DC5611 /* walterwhiteTests */,
				1762858D2D30500200DC5611 /* walterwhiteUITests */,
			);
		};
/* End PBXProject section */

/* Begin PBXResourcesBuildPhase section */
		176285722D30500100DC5611 /* Resources */ = {
			isa = PBXResourcesBuildPhase;
			buildActionMask = 2147483647;
			files = (
			);
			runOnlyForDeploymentPostprocessing = 0;
		};
		176285822D30500200DC5611 /* Resources */ = {
			isa = PBXResourcesBuildPhase;
			buildActionMask = 2147483647;
			files = (
			);
			runOnlyForDeploymentPostprocessing = 0;
		};
		1762858C2D30500200DC5611 /* Resources */ = {
			isa = PBXResourcesBuildPhase;
			buildActionMask = 2147483647;
			files = (
			);
			runOnlyForDeploymentPostprocessing = 0;
		};
/* End PBXResourcesBuildPhase section */

/* Begin PBXSourcesBuildPhase section */
		176285702D30500100DC5611 /* Sources */ = {
			isa = PBXSourcesBuildPhase;
			buildActionMask = 2147483647;
			files = (
			);
			runOnlyForDeploymentPostprocessing = 0;
		};
		176285802D30500200DC5611 /* Sources */ = {
			isa = PBXSourcesBuildPhase;
			buildActionMask = 2147483647;
			files = (
				176285BC2D3052E200DC5611 /* walterwhiteTests.swift in Sources */,
			);
			runOnlyForDeploymentPostprocessing = 0;
		};
		1762858A2D30500200DC5611 /* Sources */ = {
			isa = PBXSourcesBuildPhase;
			buildActionMask = 2147483647;
			files = (
			);
			runOnlyForDeploymentPostprocessing = 0;
		};
/* End PBXSourcesBuildPhase section */

/* Begin PBXTargetDependency section */
		176285862D30500200DC5611 /* PBXTargetDependency */ = {
			isa = PBXTargetDependency;
			target = 176285732D30500100DC5611 /* walterwhite */;
			targetProxy = 176285852D30500200DC5611 /* PBXContainerItemProxy */;
		};
		176285902D30500200DC5611 /* PBXTargetDependency */ = {
			isa = PBXTargetDependency;
			target = 176285732D30500100DC5611 /* walterwhite */;
			targetProxy = 1762858F2D30500200DC5611 /* PBXContainerItemProxy */;
		};
/* End PBXTargetDependency section */

/* Begin XCBuildConfiguration section */
		176285962D30500200DC5611 /* Debug */ = {
			isa = XCBuildConfiguration;
			buildSettings = {
				ALWAYS_SEARCH_USER_PATHS = NO;
				ASSETCATALOG_COMPILER_GENERATE_SWIFT_ASSET_SYMBOL_EXTENSIONS = YES;
				CLANG_ANALYZER_NONNULL = YES;
				CLANG_ANALYZER_NUMBER_OBJECT_CONVERSION = YES_AGGRESSIVE;
				CLANG_CXX_LANGUAGE_STANDARD = "gnu++20";
				CLANG_ENABLE_MODULES = YES;
				CLANG_ENABLE_OBJC_ARC = YES;
				CLANG_ENABLE_OBJC_WEAK = YES;
				CLANG_WARN_BLOCK_CAPTURE_AUTORELEASING = YES;
				CLANG_WARN_BOOL_CONVERSION = YES;
				CLANG_WARN_COMMA = YES;
				CLANG_WARN_CONSTANT_CONVERSION = YES;
				CLANG_WARN_DEPRECATED_OBJC_IMPLEMENTATIONS = YES;
				CLANG_WARN_DIRECT_OBJC_ISA_USAGE = YES_ERROR;
				CLANG_WARN_DOCUMENTATION_COMMENTS = YES;
				CLANG_WARN_EMPTY_BODY = YES;
				CLANG_WARN_ENUM_CONVERSION = YES;
				CLANG_WARN_INFINITE_RECURSION = YES;
				CLANG_WARN_INT_CONVERSION = YES;
				CLANG_WARN_NON_LITERAL_NULL_CONVERSION = YES;
				CLANG_WARN_OBJC_IMPLICIT_RETAIN_SELF = YES;
				CLANG_WARN_OBJC_LITERAL_CONVERSION = YES;
				CLANG_WARN_OBJC_ROOT_CLASS = YES_ERROR;
				CLANG_WARN_QUOTED_INCLUDE_IN_FRAMEWORK_HEADER = YES;
				CLANG_WARN_RANGE_LOOP_ANALYSIS = YES;
				CLANG_WARN_STRICT_PROTOTYPES = YES;
				CLANG_WARN_SUSPICIOUS_MOVE = YES;
				CLANG_WARN_UNGUARDED_AVAILABILITY = YES_AGGRESSIVE;
				CLANG_WARN_UNREACHABLE_CODE = YES;
				CLANG_WARN__DUPLICATE_METHOD_MATCH = YES;
				COPY_PHASE_STRIP = NO;
				DEBUG_INFORMATION_FORMAT = dwarf;
				ENABLE_STRICT_OBJC_MSGSEND = YES;
				ENABLE_TESTABILITY = YES;
				ENABLE_USER_SCRIPT_SANDBOXING = YES;
				GCC_C_LANGUAGE_STANDARD = gnu17;
				GCC_DYNAMIC_NO_PIC = NO;
				GCC_NO_COMMON_BLOCKS = YES;
				GCC_OPTIMIZATION_LEVEL = 0;
				GCC_PREPROCESSOR_DEFINITIONS = (
					"DEBUG=1",
					"$(inherited)",
				);
				GCC_WARN_64_TO_32_BIT_CONVERSION = YES;
				GCC_WARN_ABOUT_RETURN_TYPE = YES_ERROR;
				GCC_WARN_UNDECLARED_SELECTOR = YES;
				GCC_WARN_UNINITIALIZED_AUTOS = YES_AGGRESSIVE;
				GCC_WARN_UNUSED_FUNCTION = YES;
				GCC_WARN_UNUSED_VARIABLE = YES;
				IPHONEOS_DEPLOYMENT_TARGET = 18.2;
				LOCALIZATION_PREFERS_STRING_CATALOGS = YES;
				MTL_ENABLE_DEBUG_INFO = INCLUDE_SOURCE;
				MTL_FAST_MATH = YES;
				ONLY_ACTIVE_ARCH = YES;
				SDKROOT = iphoneos;
				SWIFT_ACTIVE_COMPILATION_CONDITIONS = "DEBUG $(inherited)";
				SWIFT_OPTIMIZATION_LEVEL = "-Onone";
			};
			name = Debug;
		};
		176285972D30500200DC5611 /* Release */ = {
			isa = XCBuildConfiguration;
			buildSettings = {
				ALWAYS_SEARCH_USER_PATHS = NO;
				ASSETCATALOG_COMPILER_GENERATE_SWIFT_ASSET_SYMBOL_EXTENSIONS = YES;
				CLANG_ANALYZER_NONNULL = YES;
				CLANG_ANALYZER_NUMBER_OBJECT_CONVERSION = YES_AGGRESSIVE;
				CLANG_CXX_LANGUAGE_STANDARD = "gnu++20";
				CLANG_ENABLE_MODULES = YES;
				CLANG_ENABLE_OBJC_ARC = YES;
				CLANG_ENABLE_OBJC_WEAK = YES;
				CLANG_WARN_BLOCK_CAPTURE_AUTORELEASING = YES;
				CLANG_WARN_BOOL_CONVERSION = YES;
				CLANG_WARN_COMMA = YES;
				CLANG_WARN_CONSTANT_CONVERSION = YES;
				CLANG_WARN_DEPRECATED_OBJC_IMPLEMENTATIONS = YES;
				CLANG_WARN_DIRECT_OBJC_ISA_USAGE = YES_ERROR;
				CLANG_WARN_DOCUMENTATION_COMMENTS = YES;
				CLANG_WARN_EMPTY_BODY = YES;
				CLANG_WARN_ENUM_CONVERSION = YES;
				CLANG_WARN_INFINITE_RECURSION = YES;
				CLANG_WARN_INT_CONVERSION = YES;
				CLANG_WARN_NON_LITERAL_NULL_CONVERSION = YES;
				CLANG_WARN_OBJC_IMPLICIT_RETAIN_SELF = YES;
				CLANG_WARN_OBJC_LITERAL_CONVERSION = YES;
				CLANG_WARN_OBJC_ROOT_CLASS = YES_ERROR;
				CLANG_WARN_QUOTED_INCLUDE_IN_FRAMEWORK_HEADER = YES;
				CLANG_WARN_RANGE_LOOP_ANALYSIS = YES;
				CLANG_WARN_STRICT_PROTOTYPES = YES;
				CLANG_WARN_SUSPICIOUS_MOVE = YES;
				CLANG_WARN_UNGUARDED_AVAILABILITY = YES_AGGRESSIVE;
				CLANG_WARN_UNREACHABLE_CODE = YES;
				CLANG_WARN__DUPLICATE_METHOD_MATCH = YES;
				COPY_PHASE_STRIP = NO;
				DEBUG_INFORMATION_FORMAT = "dwarf-with-dsym";
				ENABLE_NS_ASSERTIONS = NO;
				ENABLE_STRICT_OBJC_MSGSEND = YES;
				ENABLE_USER_SCRIPT_SANDBOXING = YES;
				GCC_C_LANGUAGE_STANDARD = gnu17;
				GCC_NO_COMMON_BLOCKS = YES;
				GCC_WARN_64_TO_32_BIT_CONVERSION = YES;
				GCC_WARN_ABOUT_RETURN_TYPE = YES_ERROR;
				GCC_WARN_UNDECLARED_SELECTOR = YES;
				GCC_WARN_UNINITIALIZED_AUTOS = YES_AGGRESSIVE;
				GCC_WARN_UNUSED_FUNCTION = YES;
				GCC_WARN_UNUSED_VARIABLE = YES;
				IPHONEOS_DEPLOYMENT_TARGET = 18.2;
				LOCALIZATION_PREFERS_STRING_CATALOGS = YES;
				MTL_ENABLE_DEBUG_INFO = NO;
				MTL_FAST_MATH = YES;
				SDKROOT = iphoneos;
				SWIFT_COMPILATION_MODE = wholemodule;
				VALIDATE_PRODUCT = YES;
			};
			name = Release;
		};
		176285992D30500200DC5611 /* Debug */ = {
			isa = XCBuildConfiguration;
			buildSettings = {
				ASSETCATALOG_COMPILER_APPICON_NAME = AppIcon;
				ASSETCATALOG_COMPILER_GLOBAL_ACCENT_COLOR_NAME = AccentColor;
				CODE_SIGN_STYLE = Automatic;
				CURRENT_PROJECT_VERSION = 1;
				DEVELOPMENT_ASSET_PATHS = "\"walterwhite/Preview Content\"";
				DEVELOPMENT_TEAM = 6AC7VYG2J9;
				ENABLE_PREVIEWS = YES;
				GENERATE_INFOPLIST_FILE = YES;
				INFOPLIST_KEY_UIApplicationSceneManifest_Generation = YES;
				INFOPLIST_KEY_UIApplicationSupportsIndirectInputEvents = YES;
				INFOPLIST_KEY_UILaunchScreen_Generation = YES;
				INFOPLIST_KEY_UISupportedInterfaceOrientations_iPad = "UIInterfaceOrientationPortrait UIInterfaceOrientationPortraitUpsideDown UIInterfaceOrientationLandscapeLeft UIInterfaceOrientationLandscapeRight";
				INFOPLIST_KEY_UISupportedInterfaceOrientations_iPhone = "UIInterfaceOrientationPortrait UIInterfaceOrientationLandscapeLeft UIInterfaceOrientationLandscapeRight";
				LD_RUNPATH_SEARCH_PATHS = (
					"$(inherited)",
					"@executable_path/Frameworks",
				);
				MARKETING_VERSION = 1.0;
				PRODUCT_BUNDLE_IDENTIFIER = com.atakancicek.walterwhite;
				PRODUCT_NAME = "$(TARGET_NAME)";
				SWIFT_EMIT_LOC_STRINGS = YES;
				SWIFT_VERSION = 5.0;
				TARGETED_DEVICE_FAMILY = "1,2";
			};
			name = Debug;
		};
		1762859A2D30500200DC5611 /* Release */ = {
			isa = XCBuildConfiguration;
			buildSettings = {
				ASSETCATALOG_COMPILER_APPICON_NAME = AppIcon;
				ASSETCATALOG_COMPILER_GLOBAL_ACCENT_COLOR_NAME = AccentColor;
				CODE_SIGN_STYLE = Automatic;
				CURRENT_PROJECT_VERSION = 1;
				DEVELOPMENT_ASSET_PATHS = "\"walterwhite/Preview Content\"";
				DEVELOPMENT_TEAM = 6AC7VYG2J9;
				ENABLE_PREVIEWS = YES;
				GENERATE_INFOPLIST_FILE = YES;
				INFOPLIST_KEY_UIApplicationSceneManifest_Generation = YES;
				INFOPLIST_KEY_UIApplicationSupportsIndirectInputEvents = YES;
				INFOPLIST_KEY_UILaunchScreen_Generation = YES;
				INFOPLIST_KEY_UISupportedInterfaceOrientations_iPad = "UIInterfaceOrientationPortrait UIInterfaceOrientationPortraitUpsideDown UIInterfaceOrientationLandscapeLeft UIInterfaceOrientationLandscapeRight";
				INFOPLIST_KEY_UISupportedInterfaceOrientations_iPhone = "UIInterfaceOrientationPortrait UIInterfaceOrientationLandscapeLeft UIInterfaceOrientationLandscapeRight";
				LD_RUNPATH_SEARCH_PATHS = (
					"$(inherited)",
					"@executable_path/Frameworks",
				);
				MARKETING_VERSION = 1.0;
				PRODUCT_BUNDLE_IDENTIFIER = com.atakancicek.walterwhite;
				PRODUCT_NAME = "$(TARGET_NAME)";
				SWIFT_EMIT_LOC_STRINGS = YES;
				SWIFT_VERSION = 5.0;
				TARGETED_DEVICE_FAMILY = "1,2";
			};
			name = Release;
		};
		1762859C2D30500200DC5611 /* Debug */ = {
			isa = XCBuildConfiguration;
			buildSettings = {
				BUNDLE_LOADER = "$(TEST_HOST)";
				CODE_SIGN_STYLE = Automatic;
				CURRENT_PROJECT_VERSION = 1;
				DEVELOPMENT_TEAM = 6AC7VYG2J9;
				GENERATE_INFOPLIST_FILE = YES;
				IPHONEOS_DEPLOYMENT_TARGET = 18.2;
				MARKETING_VERSION = 1.0;
				PRODUCT_BUNDLE_IDENTIFIER = com.atakancicek.walterwhiteTests;
				PRODUCT_NAME = "$(TARGET_NAME)";
				SWIFT_EMIT_LOC_STRINGS = NO;
				SWIFT_VERSION = 5.0;
				TARGETED_DEVICE_FAMILY = "1,2";
				TEST_HOST = "$(BUILT_PRODUCTS_DIR)/walterwhite.app/$(BUNDLE_EXECUTABLE_FOLDER_PATH)/walterwhite";
			};
			name = Debug;
		};
		1762859D2D30500200DC5611 /* Release */ = {
			isa = XCBuildConfiguration;
			buildSettings = {
				BUNDLE_LOADER = "$(TEST_HOST)";
				CODE_SIGN_STYLE = Automatic;
				CURRENT_PROJECT_VERSION = 1;
				DEVELOPMENT_TEAM = 6AC7VYG2J9;
				GENERATE_INFOPLIST_FILE = YES;
				IPHONEOS_DEPLOYMENT_TARGET = 18.2;
				MARKETING_VERSION = 1.0;
				PRODUCT_BUNDLE_IDENTIFIER = com.atakancicek.walterwhiteTests;
				PRODUCT_NAME = "$(TARGET_NAME)";
				SWIFT_EMIT_LOC_STRINGS = NO;
				SWIFT_VERSION = 5.0;
				TARGETED_DEVICE_FAMILY = "1,2";
				TEST_HOST = "$(BUILT_PRODUCTS_DIR)/walterwhite.app/$(BUNDLE_EXECUTABLE_FOLDER_PATH)/walterwhite";
			};
			name = Release;
		};
		1762859F2D30500200DC5611 /* Debug */ = {
			isa = XCBuildConfiguration;
			buildSettings = {
				CODE_SIGN_STYLE = Automatic;
				CURRENT_PROJECT_VERSION = 1;
				DEVELOPMENT_TEAM = 6AC7VYG2J9;
				GENERATE_INFOPLIST_FILE = YES;
				MARKETING_VERSION = 1.0;
				PRODUCT_BUNDLE_IDENTIFIER = com.atakancicek.walterwhiteUITests;
				PRODUCT_NAME = "$(TARGET_NAME)";
				SWIFT_EMIT_LOC_STRINGS = NO;
				SWIFT_VERSION = 5.0;
				TARGETED_DEVICE_FAMILY = "1,2";
				TEST_TARGET_NAME = walterwhite;
			};
			name = Debug;
		};
		176285A02D30500200DC5611 /* Release */ = {
			isa = XCBuildConfiguration;
			buildSettings = {
				CODE_SIGN_STYLE = Automatic;
				CURRENT_PROJECT_VERSION = 1;
				DEVELOPMENT_TEAM = 6AC7VYG2J9;
				GENERATE_INFOPLIST_FILE = YES;
				MARKETING_VERSION = 1.0;
				PRODUCT_BUNDLE_IDENTIFIER = com.atakancicek.walterwhiteUITests;
				PRODUCT_NAME = "$(TARGET_NAME)";
				SWIFT_EMIT_LOC_STRINGS = NO;
				SWIFT_VERSION = 5.0;
				TARGETED_DEVICE_FAMILY = "1,2";
				TEST_TARGET_NAME = walterwhite;
			};
			name = Release;
		};
/* End XCBuildConfiguration section */

/* Begin XCConfigurationList section */
		1762856F2D30500100DC5611 /* Build configuration list for PBXProject "walterwhite" */ = {
			isa = XCConfigurationList;
			buildConfigurations = (
				176285962D30500200DC5611 /* Debug */,
				176285972D30500200DC5611 /* Release */,
			);
			defaultConfigurationIsVisible = 0;
			defaultConfigurationName = Release;
		};
		176285982D30500200DC5611 /* Build configuration list for PBXNativeTarget "walterwhite" */ = {
			isa = XCConfigurationList;
			buildConfigurations = (
				176285992D30500200DC5611 /* Debug */,
				1762859A2D30500200DC5611 /* Release */,
			);
			defaultConfigurationIsVisible = 0;
			defaultConfigurationName = Release;
		};
		1762859B2D30500200DC5611 /* Build configuration list for PBXNativeTarget "walterwhiteTests" */ = {
			isa = XCConfigurationList;
			buildConfigurations = (
				1762859C2D30500200DC5611 /* Debug */,
				1762859D2D30500200DC5611 /* Release */,
			);
			defaultConfigurationIsVisible = 0;
			defaultConfigurationName = Release;
		};
		1762859E2D30500200DC5611 /* Build configuration list for PBXNativeTarget "walterwhiteUITests" */ = {
			isa = XCConfigurationList;
			buildConfigurations = (
				1762859F2D30500200DC5611 /* Debug */,
				176285A02D30500200DC5611 /* Release */,
			);
			defaultConfigurationIsVisible = 0;
			defaultConfigurationName = Release;
		};
/* End XCConfigurationList section */
	};
	rootObject = 1762856C2D30500100DC5611 /* Project object */;
}
